// !$*UTF8*$!
{
	archiveVersion = 1;
	classes = {
	};
	objectVersion = 50;
	objects = {

/* Begin PBXBuildFile section */
		BA8E4046236C13F000BBED38 /* AppDelegate.swift in Sources */ = {isa = PBXBuildFile; fileRef = BA8E4045236C13F000BBED38 /* AppDelegate.swift */; };
		BA8E4048236C13F000BBED38 /* SceneDelegate.swift in Sources */ = {isa = PBXBuildFile; fileRef = BA8E4047236C13F000BBED38 /* SceneDelegate.swift */; };
		BA8E404A236C13F000BBED38 /* ViewController.swift in Sources */ = {isa = PBXBuildFile; fileRef = BA8E4049236C13F000BBED38 /* ViewController.swift */; };
		BA8E404D236C13F000BBED38 /* Main.storyboard in Resources */ = {isa = PBXBuildFile; fileRef = BA8E404B236C13F000BBED38 /* Main.storyboard */; };
		BA8E404F236C13F200BBED38 /* Assets.xcassets in Resources */ = {isa = PBXBuildFile; fileRef = BA8E404E236C13F200BBED38 /* Assets.xcassets */; };
		BA8E4052236C13F200BBED38 /* LaunchScreen.storyboard in Resources */ = {isa = PBXBuildFile; fileRef = BA8E4050236C13F200BBED38 /* LaunchScreen.storyboard */; };
		BA8E405D236C13F200BBED38 /* Lab2Tests.swift in Sources */ = {isa = PBXBuildFile; fileRef = BA8E405C236C13F200BBED38 /* Lab2Tests.swift */; };
		BA8E4068236C13F200BBED38 /* Lab2UITests.swift in Sources */ = {isa = PBXBuildFile; fileRef = BA8E4067236C13F200BBED38 /* Lab2UITests.swift */; };
/* End PBXBuildFile section */

/* Begin PBXContainerItemProxy section */
		BA8E4059236C13F200BBED38 /* PBXContainerItemProxy */ = {
			isa = PBXContainerItemProxy;
			containerPortal = BA8E403A236C13F000BBED38 /* Project object */;
			proxyType = 1;
			remoteGlobalIDString = BA8E4041236C13F000BBED38;
			remoteInfo = Lab2;
		};
		BA8E4064236C13F200BBED38 /* PBXContainerItemProxy */ = {
			isa = PBXContainerItemProxy;
			containerPortal = BA8E403A236C13F000BBED38 /* Project object */;
			proxyType = 1;
			remoteGlobalIDString = BA8E4041236C13F000BBED38;
			remoteInfo = Lab2;
		};
/* End PBXContainerItemProxy section */

/* Begin PBXFileReference section */
		BA8E4042236C13F000BBED38 /* Lab2.app */ = {isa = PBXFileReference; explicitFileType = wrapper.application; includeInIndex = 0; path = Lab2.app; sourceTree = BUILT_PRODUCTS_DIR; };
		BA8E4045236C13F000BBED38 /* AppDelegate.swift */ = {isa = PBXFileReference; lastKnownFileType = sourcecode.swift; path = AppDelegate.swift; sourceTree = "<group>"; };
		BA8E4047236C13F000BBED38 /* SceneDelegate.swift */ = {isa = PBXFileReference; lastKnownFileType = sourcecode.swift; path = SceneDelegate.swift; sourceTree = "<group>"; };
		BA8E4049236C13F000BBED38 /* ViewController.swift */ = {isa = PBXFileReference; lastKnownFileType = sourcecode.swift; path = ViewController.swift; sourceTree = "<group>"; };
		BA8E404C236C13F000BBED38 /* Base */ = {isa = PBXFileReference; lastKnownFileType = file.storyboard; name = Base; path = Base.lproj/Main.storyboard; sourceTree = "<group>"; };
		BA8E404E236C13F200BBED38 /* Assets.xcassets */ = {isa = PBXFileReference; lastKnownFileType = folder.assetcatalog; path = Assets.xcassets; sourceTree = "<group>"; };
		BA8E4051236C13F200BBED38 /* Base */ = {isa = PBXFileReference; lastKnownFileType = file.storyboard; name = Base; path = Base.lproj/LaunchScreen.storyboard; sourceTree = "<group>"; };
		BA8E4053236C13F200BBED38 /* Info.plist */ = {isa = PBXFileReference; lastKnownFileType = text.plist.xml; path = Info.plist; sourceTree = "<group>"; };
		BA8E4058236C13F200BBED38 /* Lab2Tests.xctest */ = {isa = PBXFileReference; explicitFileType = wrapper.cfbundle; includeInIndex = 0; path = Lab2Tests.xctest; sourceTree = BUILT_PRODUCTS_DIR; };
		BA8E405C236C13F200BBED38 /* Lab2Tests.swift */ = {isa = PBXFileReference; lastKnownFileType = sourcecode.swift; path = Lab2Tests.swift; sourceTree = "<group>"; };
		BA8E405E236C13F200BBED38 /* Info.plist */ = {isa = PBXFileReference; lastKnownFileType = text.plist.xml; path = Info.plist; sourceTree = "<group>"; };
		BA8E4063236C13F200BBED38 /* Lab2UITests.xctest */ = {isa = PBXFileReference; explicitFileType = wrapper.cfbundle; includeInIndex = 0; path = Lab2UITests.xctest; sourceTree = BUILT_PRODUCTS_DIR; };
		BA8E4067236C13F200BBED38 /* Lab2UITests.swift */ = {isa = PBXFileReference; lastKnownFileType = sourcecode.swift; path = Lab2UITests.swift; sourceTree = "<group>"; };
		BA8E4069236C13F200BBED38 /* Info.plist */ = {isa = PBXFileReference; lastKnownFileType = text.plist.xml; path = Info.plist; sourceTree = "<group>"; };
/* End PBXFileReference section */

/* Begin PBXFrameworksBuildPhase section */
		BA8E403F236C13F000BBED38 /* Frameworks */ = {
			isa = PBXFrameworksBuildPhase;
			buildActionMask = 2147483647;
			files = (
			);
			runOnlyForDeploymentPostprocessing = 0;
		};
		BA8E4055236C13F200BBED38 /* Frameworks */ = {
			isa = PBXFrameworksBuildPhase;
			buildActionMask = 2147483647;
			files = (
			);
			runOnlyForDeploymentPostprocessing = 0;
		};
		BA8E4060236C13F200BBED38 /* Frameworks */ = {
			isa = PBXFrameworksBuildPhase;
			buildActionMask = 2147483647;
			files = (
			);
			runOnlyForDeploymentPostprocessing = 0;
		};
/* End PBXFrameworksBuildPhase section */

/* Begin PBXGroup section */
		BA8E4039236C13F000BBED38 = {
			isa = PBXGroup;
			children = (
				BA8E4044236C13F000BBED38 /* Lab2 */,
				BA8E405B236C13F200BBED38 /* Lab2Tests */,
				BA8E4066236C13F200BBED38 /* Lab2UITests */,
				BA8E4043236C13F000BBED38 /* Products */,
			);
			sourceTree = "<group>";
		};
		BA8E4043236C13F000BBED38 /* Products */ = {
			isa = PBXGroup;
			children = (
				BA8E4042236C13F000BBED38 /* Lab2.app */,
				BA8E4058236C13F200BBED38 /* Lab2Tests.xctest */,
				BA8E4063236C13F200BBED38 /* Lab2UITests.xctest */,
			);
			name = Products;
			sourceTree = "<group>";
		};
		BA8E4044236C13F000BBED38 /* Lab2 */ = {
			isa = PBXGroup;
			children = (
				BA8E4045236C13F000BBED38 /* AppDelegate.swift */,
				BA8E4047236C13F000BBED38 /* SceneDelegate.swift */,
				BA8E4049236C13F000BBED38 /* ViewController.swift */,
				BA8E404B236C13F000BBED38 /* Main.storyboard */,
				BA8E404E236C13F200BBED38 /* Assets.xcassets */,
				BA8E4050236C13F200BBED38 /* LaunchScreen.storyboard */,
				BA8E4053236C13F200BBED38 /* Info.plist */,
			);
			path = Lab2;
			sourceTree = "<group>";
		};
		BA8E405B236C13F200BBED38 /* Lab2Tests */ = {
			isa = PBXGroup;
			children = (
				BA8E405C236C13F200BBED38 /* Lab2Tests.swift */,
				BA8E405E236C13F200BBED38 /* Info.plist */,
			);
			path = Lab2Tests;
			sourceTree = "<group>";
		};
		BA8E4066236C13F200BBED38 /* Lab2UITests */ = {
			isa = PBXGroup;
			children = (
				BA8E4067236C13F200BBED38 /* Lab2UITests.swift */,
				BA8E4069236C13F200BBED38 /* Info.plist */,
			);
			path = Lab2UITests;
			sourceTree = "<group>";
		};
/* End PBXGroup section */

/* Begin PBXNativeTarget section */
		BA8E4041236C13F000BBED38 /* Lab2 */ = {
			isa = PBXNativeTarget;
			buildConfigurationList = BA8E406C236C13F200BBED38 /* Build configuration list for PBXNativeTarget "Lab2" */;
			buildPhases = (
				BA8E403E236C13F000BBED38 /* Sources */,
				BA8E403F236C13F000BBED38 /* Frameworks */,
				BA8E4040236C13F000BBED38 /* Resources */,
			);
			buildRules = (
			);
			dependencies = (
			);
			name = Lab2;
			productName = Lab2;
			productReference = BA8E4042236C13F000BBED38 /* Lab2.app */;
			productType = "com.apple.product-type.application";
		};
		BA8E4057236C13F200BBED38 /* Lab2Tests */ = {
			isa = PBXNativeTarget;
			buildConfigurationList = BA8E406F236C13F200BBED38 /* Build configuration list for PBXNativeTarget "Lab2Tests" */;
			buildPhases = (
				BA8E4054236C13F200BBED38 /* Sources */,
				BA8E4055236C13F200BBED38 /* Frameworks */,
				BA8E4056236C13F200BBED38 /* Resources */,
			);
			buildRules = (
			);
			dependencies = (
				BA8E405A236C13F200BBED38 /* PBXTargetDependency */,
			);
			name = Lab2Tests;
			productName = Lab2Tests;
			productReference = BA8E4058236C13F200BBED38 /* Lab2Tests.xctest */;
			productType = "com.apple.product-type.bundle.unit-test";
		};
		BA8E4062236C13F200BBED38 /* Lab2UITests */ = {
			isa = PBXNativeTarget;
			buildConfigurationList = BA8E4072236C13F200BBED38 /* Build configuration list for PBXNativeTarget "Lab2UITests" */;
			buildPhases = (
				BA8E405F236C13F200BBED38 /* Sources */,
				BA8E4060236C13F200BBED38 /* Frameworks */,
				BA8E4061236C13F200BBED38 /* Resources */,
			);
			buildRules = (
			);
			dependencies = (
				BA8E4065236C13F200BBED38 /* PBXTargetDependency */,
			);
			name = Lab2UITests;
			productName = Lab2UITests;
			productReference = BA8E4063236C13F200BBED38 /* Lab2UITests.xctest */;
			productType = "com.apple.product-type.bundle.ui-testing";
		};
/* End PBXNativeTarget section */

/* Begin PBXProject section */
		BA8E403A236C13F000BBED38 /* Project object */ = {
			isa = PBXProject;
			attributes = {
				LastSwiftUpdateCheck = 1100;
				LastUpgradeCheck = 1100;
				ORGANIZATIONNAME = "Erik Sveningsson";
				TargetAttributes = {
					BA8E4041236C13F000BBED38 = {
						CreatedOnToolsVersion = 11.0;
					};
					BA8E4057236C13F200BBED38 = {
						CreatedOnToolsVersion = 11.0;
						TestTargetID = BA8E4041236C13F000BBED38;
					};
					BA8E4062236C13F200BBED38 = {
						CreatedOnToolsVersion = 11.0;
						TestTargetID = BA8E4041236C13F000BBED38;
					};
				};
			};
			buildConfigurationList = BA8E403D236C13F000BBED38 /* Build configuration list for PBXProject "Lab2" */;
			compatibilityVersion = "Xcode 9.3";
			developmentRegion = en;
			hasScannedForEncodings = 0;
			knownRegions = (
				en,
				Base,
			);
			mainGroup = BA8E4039236C13F000BBED38;
			productRefGroup = BA8E4043236C13F000BBED38 /* Products */;
			projectDirPath = "";
			projectRoot = "";
			targets = (
				BA8E4041236C13F000BBED38 /* Lab2 */,
				BA8E4057236C13F200BBED38 /* Lab2Tests */,
				BA8E4062236C13F200BBED38 /* Lab2UITests */,
			);
		};
/* End PBXProject section */

/* Begin PBXResourcesBuildPhase section */
		BA8E4040236C13F000BBED38 /* Resources */ = {
			isa = PBXResourcesBuildPhase;
			buildActionMask = 2147483647;
			files = (
				BA8E4052236C13F200BBED38 /* LaunchScreen.storyboard in Resources */,
				BA8E404F236C13F200BBED38 /* Assets.xcassets in Resources */,
				BA8E404D236C13F000BBED38 /* Main.storyboard in Resources */,
			);
			runOnlyForDeploymentPostprocessing = 0;
		};
		BA8E4056236C13F200BBED38 /* Resources */ = {
			isa = PBXResourcesBuildPhase;
			buildActionMask = 2147483647;
			files = (
			);
			runOnlyForDeploymentPostprocessing = 0;
		};
		BA8E4061236C13F200BBED38 /* Resources */ = {
			isa = PBXResourcesBuildPhase;
			buildActionMask = 2147483647;
			files = (
			);
			runOnlyForDeploymentPostprocessing = 0;
		};
/* End PBXResourcesBuildPhase section */

/* Begin PBXSourcesBuildPhase section */
		BA8E403E236C13F000BBED38 /* Sources */ = {
			isa = PBXSourcesBuildPhase;
			buildActionMask = 2147483647;
			files = (
				BA8E404A236C13F000BBED38 /* ViewController.swift in Sources */,
				BA8E4046236C13F000BBED38 /* AppDelegate.swift in Sources */,
				BA8E4048236C13F000BBED38 /* SceneDelegate.swift in Sources */,
			);
			runOnlyForDeploymentPostprocessing = 0;
		};
		BA8E4054236C13F200BBED38 /* Sources */ = {
			isa = PBXSourcesBuildPhase;
			buildActionMask = 2147483647;
			files = (
				BA8E405D236C13F200BBED38 /* Lab2Tests.swift in Sources */,
			);
			runOnlyForDeploymentPostprocessing = 0;
		};
		BA8E405F236C13F200BBED38 /* Sources */ = {
			isa = PBXSourcesBuildPhase;
			buildActionMask = 2147483647;
			files = (
				BA8E4068236C13F200BBED38 /* Lab2UITests.swift in Sources */,
			);
			runOnlyForDeploymentPostprocessing = 0;
		};
/* End PBXSourcesBuildPhase section */

/* Begin PBXTargetDependency section */
		BA8E405A236C13F200BBED38 /* PBXTargetDependency */ = {
			isa = PBXTargetDependency;
			target = BA8E4041236C13F000BBED38 /* Lab2 */;
			targetProxy = BA8E4059236C13F200BBED38 /* PBXContainerItemProxy */;
		};
		BA8E4065236C13F200BBED38 /* PBXTargetDependency */ = {
			isa = PBXTargetDependency;
			target = BA8E4041236C13F000BBED38 /* Lab2 */;
			targetProxy = BA8E4064236C13F200BBED38 /* PBXContainerItemProxy */;
		};
/* End PBXTargetDependency section */

/* Begin PBXVariantGroup section */
		BA8E404B236C13F000BBED38 /* Main.storyboard */ = {
			isa = PBXVariantGroup;
			children = (
				BA8E404C236C13F000BBED38 /* Base */,
			);
			name = Main.storyboard;
			sourceTree = "<group>";
		};
		BA8E4050236C13F200BBED38 /* LaunchScreen.storyboard */ = {
			isa = PBXVariantGroup;
			children = (
				BA8E4051236C13F200BBED38 /* Base */,
			);
			name = LaunchScreen.storyboard;
			sourceTree = "<group>";
		};
/* End PBXVariantGroup section */

/* Begin XCBuildConfiguration section */
		BA8E406A236C13F200BBED38 /* Debug */ = {
			isa = XCBuildConfiguration;
			buildSettings = {
				ALWAYS_SEARCH_USER_PATHS = NO;
				CLANG_ANALYZER_NONNULL = YES;
				CLANG_ANALYZER_NUMBER_OBJECT_CONVERSION = YES_AGGRESSIVE;
				CLANG_CXX_LANGUAGE_STANDARD = "gnu++14";
				CLANG_CXX_LIBRARY = "libc++";
				CLANG_ENABLE_MODULES = YES;
				CLANG_ENABLE_OBJC_ARC = YES;
				CLANG_ENABLE_OBJC_WEAK = YES;
				CLANG_WARN_BLOCK_CAPTURE_AUTORELEASING = YES;
				CLANG_WARN_BOOL_CONVERSION = YES;
				CLANG_WARN_COMMA = YES;
				CLANG_WARN_CONSTANT_CONVERSION = YES;
				CLANG_WARN_DEPRECATED_OBJC_IMPLEMENTATIONS = YES;
				CLANG_WARN_DIRECT_OBJC_ISA_USAGE = YES_ERROR;
				CLANG_WARN_DOCUMENTATION_COMMENTS = YES;
				CLANG_WARN_EMPTY_BODY = YES;
				CLANG_WARN_ENUM_CONVERSION = YES;
				CLANG_WARN_INFINITE_RECURSION = YES;
				CLANG_WARN_INT_CONVERSION = YES;
				CLANG_WARN_NON_LITERAL_NULL_CONVERSION = YES;
				CLANG_WARN_OBJC_IMPLICIT_RETAIN_SELF = YES;
				CLANG_WARN_OBJC_LITERAL_CONVERSION = YES;
				CLANG_WARN_OBJC_ROOT_CLASS = YES_ERROR;
				CLANG_WARN_RANGE_LOOP_ANALYSIS = YES;
				CLANG_WARN_STRICT_PROTOTYPES = YES;
				CLANG_WARN_SUSPICIOUS_MOVE = YES;
				CLANG_WARN_UNGUARDED_AVAILABILITY = YES_AGGRESSIVE;
				CLANG_WARN_UNREACHABLE_CODE = YES;
				CLANG_WARN__DUPLICATE_METHOD_MATCH = YES;
				COPY_PHASE_STRIP = NO;
				DEBUG_INFORMATION_FORMAT = dwarf;
				ENABLE_STRICT_OBJC_MSGSEND = YES;
				ENABLE_TESTABILITY = YES;
				GCC_C_LANGUAGE_STANDARD = gnu11;
				GCC_DYNAMIC_NO_PIC = NO;
				GCC_NO_COMMON_BLOCKS = YES;
				GCC_OPTIMIZATION_LEVEL = 0;
				GCC_PREPROCESSOR_DEFINITIONS = (
					"DEBUG=1",
					"$(inherited)",
				);
				GCC_WARN_64_TO_32_BIT_CONVERSION = YES;
				GCC_WARN_ABOUT_RETURN_TYPE = YES_ERROR;
				GCC_WARN_UNDECLARED_SELECTOR = YES;
				GCC_WARN_UNINITIALIZED_AUTOS = YES_AGGRESSIVE;
				GCC_WARN_UNUSED_FUNCTION = YES;
				GCC_WARN_UNUSED_VARIABLE = YES;
				IPHONEOS_DEPLOYMENT_TARGET = 13.0;
				MTL_ENABLE_DEBUG_INFO = INCLUDE_SOURCE;
				MTL_FAST_MATH = YES;
				ONLY_ACTIVE_ARCH = YES;
				SDKROOT = iphoneos;
				SWIFT_ACTIVE_COMPILATION_CONDITIONS = DEBUG;
				SWIFT_OPTIMIZATION_LEVEL = "-Onone";
			};
			name = Debug;
		};
		BA8E406B236C13F200BBED38 /* Release */ = {
			isa = XCBuildConfiguration;
			buildSettings = {
				ALWAYS_SEARCH_USER_PATHS = NO;
				CLANG_ANALYZER_NONNULL = YES;
				CLANG_ANALYZER_NUMBER_OBJECT_CONVERSION = YES_AGGRESSIVE;
				CLANG_CXX_LANGUAGE_STANDARD = "gnu++14";
				CLANG_CXX_LIBRARY = "libc++";
				CLANG_ENABLE_MODULES = YES;
				CLANG_ENABLE_OBJC_ARC = YES;
				CLANG_ENABLE_OBJC_WEAK = YES;
				CLANG_WARN_BLOCK_CAPTURE_AUTORELEASING = YES;
				CLANG_WARN_BOOL_CONVERSION = YES;
				CLANG_WARN_COMMA = YES;
				CLANG_WARN_CONSTANT_CONVERSION = YES;
				CLANG_WARN_DEPRECATED_OBJC_IMPLEMENTATIONS = YES;
				CLANG_WARN_DIRECT_OBJC_ISA_USAGE = YES_ERROR;
				CLANG_WARN_DOCUMENTATION_COMMENTS = YES;
				CLANG_WARN_EMPTY_BODY = YES;
				CLANG_WARN_ENUM_CONVERSION = YES;
				CLANG_WARN_INFINITE_RECURSION = YES;
				CLANG_WARN_INT_CONVERSION = YES;
				CLANG_WARN_NON_LITERAL_NULL_CONVERSION = YES;
				CLANG_WARN_OBJC_IMPLICIT_RETAIN_SELF = YES;
				CLANG_WARN_OBJC_LITERAL_CONVERSION = YES;
				CLANG_WARN_OBJC_ROOT_CLASS = YES_ERROR;
				CLANG_WARN_RANGE_LOOP_ANALYSIS = YES;
				CLANG_WARN_STRICT_PROTOTYPES = YES;
				CLANG_WARN_SUSPICIOUS_MOVE = YES;
				CLANG_WARN_UNGUARDED_AVAILABILITY = YES_AGGRESSIVE;
				CLANG_WARN_UNREACHABLE_CODE = YES;
				CLANG_WARN__DUPLICATE_METHOD_MATCH = YES;
				COPY_PHASE_STRIP = NO;
				DEBUG_INFORMATION_FORMAT = "dwarf-with-dsym";
				ENABLE_NS_ASSERTIONS = NO;
				ENABLE_STRICT_OBJC_MSGSEND = YES;
				GCC_C_LANGUAGE_STANDARD = gnu11;
				GCC_NO_COMMON_BLOCKS = YES;
				GCC_WARN_64_TO_32_BIT_CONVERSION = YES;
				GCC_WARN_ABOUT_RETURN_TYPE = YES_ERROR;
				GCC_WARN_UNDECLARED_SELECTOR = YES;
				GCC_WARN_UNINITIALIZED_AUTOS = YES_AGGRESSIVE;
				GCC_WARN_UNUSED_FUNCTION = YES;
				GCC_WARN_UNUSED_VARIABLE = YES;
				IPHONEOS_DEPLOYMENT_TARGET = 13.0;
				MTL_ENABLE_DEBUG_INFO = NO;
				MTL_FAST_MATH = YES;
				SDKROOT = iphoneos;
				SWIFT_COMPILATION_MODE = wholemodule;
				SWIFT_OPTIMIZATION_LEVEL = "-O";
				VALIDATE_PRODUCT = YES;
			};
			name = Release;
		};
		BA8E406D236C13F200BBED38 /* Debug */ = {
			isa = XCBuildConfiguration;
			buildSettings = {
				ASSETCATALOG_COMPILER_APPICON_NAME = AppIcon;
				CODE_SIGN_STYLE = Automatic;
				INFOPLIST_FILE = Lab2/Info.plist;
				LD_RUNPATH_SEARCH_PATHS = (
					"$(inherited)",
					"@executable_path/Frameworks",
				);
				PRODUCT_BUNDLE_IDENTIFIER = com.Lab2;
				PRODUCT_NAME = "$(TARGET_NAME)";
				SWIFT_VERSION = 5.0;
				TARGETED_DEVICE_FAMILY = "1,2";
			};
			name = Debug;
		};
		BA8E406E236C13F200BBED38 /* Release */ = {
			isa = XCBuildConfiguration;
			buildSettings = {
				ASSETCATALOG_COMPILER_APPICON_NAME = AppIcon;
				CODE_SIGN_STYLE = Automatic;
				INFOPLIST_FILE = Lab2/Info.plist;
				LD_RUNPATH_SEARCH_PATHS = (
					"$(inherited)",
					"@executable_path/Frameworks",
				);
				PRODUCT_BUNDLE_IDENTIFIER = com.Lab2;
				PRODUCT_NAME = "$(TARGET_NAME)";
				SWIFT_VERSION = 5.0;
				TARGETED_DEVICE_FAMILY = "1,2";
			};
			name = Release;
		};
		BA8E4070236C13F200BBED38 /* Debug */ = {
			isa = XCBuildConfiguration;
			buildSettings = {
				ALWAYS_EMBED_SWIFT_STANDARD_LIBRARIES = YES;
				BUNDLE_LOADER = "$(TEST_HOST)";
				CODE_SIGN_STYLE = Automatic;
				INFOPLIST_FILE = Lab2Tests/Info.plist;
				IPHONEOS_DEPLOYMENT_TARGET = 13.0;
				LD_RUNPATH_SEARCH_PATHS = (
					"$(inherited)",
					"@executable_path/Frameworks",
					"@loader_path/Frameworks",
				);
				PRODUCT_BUNDLE_IDENTIFIER = com.Lab2Tests;
				PRODUCT_NAME = "$(TARGET_NAME)";
				SWIFT_VERSION = 5.0;
				TARGETED_DEVICE_FAMILY = "1,2";
				TEST_HOST = "$(BUILT_PRODUCTS_DIR)/Lab2.app/Lab2";
			};
			name = Debug;
		};
		BA8E4071236C13F200BBED38 /* Release */ = {
			isa = XCBuildConfiguration;
			buildSettings = {
				ALWAYS_EMBED_SWIFT_STANDARD_LIBRARIES = YES;
				BUNDLE_LOADER = "$(TEST_HOST)";
				CODE_SIGN_STYLE = Automatic;
				INFOPLIST_FILE = Lab2Tests/Info.plist;
				IPHONEOS_DEPLOYMENT_TARGET = 13.0;
				LD_RUNPATH_SEARCH_PATHS = (
					"$(inherited)",
					"@executable_path/Frameworks",
					"@loader_path/Frameworks",
				);
				PRODUCT_BUNDLE_IDENTIFIER = com.Lab2Tests;
				PRODUCT_NAME = "$(TARGET_NAME)";
				SWIFT_VERSION = 5.0;
				TARGETED_DEVICE_FAMILY = "1,2";
				TEST_HOST = "$(BUILT_PRODUCTS_DIR)/Lab2.app/Lab2";
			};
			name = Release;
		};
		BA8E4073236C13F200BBED38 /* Debug */ = {
			isa = XCBuildConfiguration;
			buildSettings = {
				ALWAYS_EMBED_SWIFT_STANDARD_LIBRARIES = YES;
				CODE_SIGN_STYLE = Automatic;
				INFOPLIST_FILE = Lab2UITests/Info.plist;
				LD_RUNPATH_SEARCH_PATHS = (
					"$(inherited)",
					"@executable_path/Frameworks",
					"@loader_path/Frameworks",
				);
				PRODUCT_BUNDLE_IDENTIFIER = com.Lab2UITests;
				PRODUCT_NAME = "$(TARGET_NAME)";
				SWIFT_VERSION = 5.0;
				TARGETED_DEVICE_FAMILY = "1,2";
				TEST_TARGET_NAME = Lab2;
			};
			name = Debug;
		};
		BA8E4074236C13F200BBED38 /* Release */ = {
			isa = XCBuildConfiguration;
			buildSettings = {
				ALWAYS_EMBED_SWIFT_STANDARD_LIBRARIES = YES;
				CODE_SIGN_STYLE = Automatic;
				INFOPLIST_FILE = Lab2UITests/Info.plist;
				LD_RUNPATH_SEARCH_PATHS = (
					"$(inherited)",
					"@executable_path/Frameworks",
					"@loader_path/Frameworks",
				);
				PRODUCT_BUNDLE_IDENTIFIER = com.Lab2UITests;
				PRODUCT_NAME = "$(TARGET_NAME)";
				SWIFT_VERSION = 5.0;
				TARGETED_DEVICE_FAMILY = "1,2";
				TEST_TARGET_NAME = Lab2;
			};
			name = Release;
		};
/* End XCBuildConfiguration section */

/* Begin XCConfigurationList section */
		BA8E403D236C13F000BBED38 /* Build configuration list for PBXProject "Lab2" */ = {
			isa = XCConfigurationList;
			buildConfigurations = (
				BA8E406A236C13F200BBED38 /* Debug */,
				BA8E406B236C13F200BBED38 /* Release */,
			);
			defaultConfigurationIsVisible = 0;
			defaultConfigurationName = Release;
		};
		BA8E406C236C13F200BBED38 /* Build configuration list for PBXNativeTarget "Lab2" */ = {
			isa = XCConfigurationList;
			buildConfigurations = (
				BA8E406D236C13F200BBED38 /* Debug */,
				BA8E406E236C13F200BBED38 /* Release */,
			);
			defaultConfigurationIsVisible = 0;
			defaultConfigurationName = Release;
		};
		BA8E406F236C13F200BBED38 /* Build configuration list for PBXNativeTarget "Lab2Tests" */ = {
			isa = XCConfigurationList;
			buildConfigurations = (
				BA8E4070236C13F200BBED38 /* Debug */,
				BA8E4071236C13F200BBED38 /* Release */,
			);
			defaultConfigurationIsVisible = 0;
			defaultConfigurationName = Release;
		};
		BA8E4072236C13F200BBED38 /* Build configuration list for PBXNativeTarget "Lab2UITests" */ = {
			isa = XCConfigurationList;
			buildConfigurations = (
				BA8E4073236C13F200BBED38 /* Debug */,
				BA8E4074236C13F200BBED38 /* Release */,
			);
			defaultConfigurationIsVisible = 0;
			defaultConfigurationName = Release;
		};
/* End XCConfigurationList section */
	};
	rootObject = BA8E403A236C13F000BBED38 /* Project object */;
}
